# This file is automatically @generated by Poetry 1.6.1 and should not be changed by hand.

[[package]]
name = "portage"
version = "3.0.56"
description = "Portage is the package management and distribution system for Gentoo"
optional = false
python-versions = ">=3.9"
files = [
    {file = "portage-3.0.56-py3-none-any.whl", hash = "sha256:4a8c8c26d0c73970ee9c2145e3c189e0432da5e4ea1489ed9df4b8019890f549"},
    {file = "portage-3.0.56.tar.gz", hash = "sha256:eb5ec345740d99a72200243a2342f8d716ddcaae8ef698000a2e2683469b6806"},
]

[metadata]
lock-version = "2.0"
python-versions = "^3.10"
content-hash = "be005ee5ff419e4212c0714a02b08a358b7e0297d93311ef1a07ae056aa69d95"
